// !$*UTF8*$!
{
	archiveVersion = 1;
	classes = {
	};
	objectVersion = 46;
	objects = {

/* Begin PBXFileReference section */
		01CD49611DEE47C90008D8DD /* CHK.h */ = {isa = PBXFileReference; lastKnownFileType = sourcecode.c.h; path = CHK.h; sourceTree = "<group>"; };
		01CD49621DEE47C90008D8DD /* getword.c */ = {isa = PBXFileReference; lastKnownFileType = sourcecode.c.c; path = getword.c; sourceTree = "<group>"; };
		01CD49631DEE47C90008D8DD /* getword.h */ = {isa = PBXFileReference; lastKnownFileType = sourcecode.c.h; path = getword.h; sourceTree = "<group>"; };
		01CD49641DEE47C90008D8DD /* makefile */ = {isa = PBXFileReference; lastKnownFileType = sourcecode.make; path = makefile; sourceTree = "<group>"; };
		01CD49651DEE47C90008D8DD /* p2.c */ = {isa = PBXFileReference; lastKnownFileType = sourcecode.c.c; path = p2.c; sourceTree = "<group>"; };
		01CD49661DEE47C90008D8DD /* p2.h */ = {isa = PBXFileReference; lastKnownFileType = sourcecode.c.h; path = p2.h; sourceTree = "<group>"; };
/* End PBXFileReference section */

/* Begin PBXGroup section */
		01CD495A1DEE47A20008D8DD = {
			isa = PBXGroup;
			children = (
				01CD49611DEE47C90008D8DD /* CHK.h */,
				01CD49621DEE47C90008D8DD /* getword.c */,
				01CD49631DEE47C90008D8DD /* getword.h */,
				01CD49641DEE47C90008D8DD /* makefile */,
				01CD49651DEE47C90008D8DD /* p2.c */,
				01CD49661DEE47C90008D8DD /* p2.h */,
			);
			sourceTree = "<group>";
		};
/* End PBXGroup section */

/* Begin PBXProject section */
		01CD495B1DEE47A20008D8DD /* Project object */ = {
			isa = PBXProject;
			attributes = {
				LastUpgradeCheck = 0800;
			};
			buildConfigurationList = 01CD495E1DEE47A20008D8DD /* Build configuration list for PBXProject "p2" */;
			compatibilityVersion = "Xcode 3.2";
			developmentRegion = English;
			hasScannedForEncodings = 0;
			knownRegions = (
				en,
			);
			mainGroup = 01CD495A1DEE47A20008D8DD;
			projectDirPath = "";
			projectRoot = "";
			targets = (
			);
		};
/* End PBXProject section */

/* Begin XCBuildConfiguration section */
		01CD495F1DEE47A20008D8DD /* Debug */ = {
			isa = XCBuildConfiguration;
			buildSettings = {
			};
			name = Debug;
		};
		01CD49601DEE47A20008D8DD /* Release */ = {
			isa = XCBuildConfiguration;
			buildSettings = {
			};
			name = Release;
		};
/* End XCBuildConfiguration section */

/* Begin XCConfigurationList section */
		01CD495E1DEE47A20008D8DD /* Build configuration list for PBXProject "p2" */ = {
			isa = XCConfigurationList;
			buildConfigurations = (
				01CD495F1DEE47A20008D8DD /* Debug */,
				01CD49601DEE47A20008D8DD /* Release */,
			);
			defaultConfigurationIsVisible = 0;
			defaultConfigurationName = Release;
		};
/* End XCConfigurationList section */
	};
	rootObject = 01CD495B1DEE47A20008D8DD /* Project object */;
}
